
Microsoft Visual Studio Solution File, Format Version 12.00
# Visual Studio Version 17
VisualStudioVersion = 17.8.34330.188
MinimumVisualStudioVersion = 10.0.40219.1
Project("{FAE04EC0-301F-11D3-BF4B-00C04F79EFBC}") = "Authorasation", "Authorasation\Authorasation.csproj", "{099CDF15-DDE0-43F8-B0B5-0B12170AEA6E}"
EndProject
Global
	GlobalSection(SolutionConfigurationPlatforms) = preSolution
		Debug|Any CPU = Debug|Any CPU
		Release|Any CPU = Release|Any CPU
	EndGlobalSection
	GlobalSection(ProjectConfigurationPlatforms) = postSolution
		{099CDF15-DDE0-43F8-B0B5-0B12170AEA6E}.Debug|Any CPU.ActiveCfg = Debug|Any CPU
		{099CDF15-DDE0-43F8-B0B5-0B12170AEA6E}.Debug|Any CPU.Build.0 = Debug|Any CPU
		{099CDF15-DDE0-43F8-B0B5-0B12170AEA6E}.Release|Any CPU.ActiveCfg = Release|Any CPU
		{099CDF15-DDE0-43F8-B0B5-0B12170AEA6E}.Release|Any CPU.Build.0 = Release|Any CPU
	EndGlobalSection
	GlobalSection(SolutionProperties) = preSolution
		HideSolutionNode = FALSE
	EndGlobalSection
	GlobalSection(ExtensibilityGlobals) = postSolution
		SolutionGuid = {146A948F-1F68-4ABD-9B8E-F627FA230751}
	EndGlobalSection
EndGlobal
